// !$*UTF8*$!
{
	archiveVersion = 1;
	classes = {
	};
	objectVersion = 77;
	objects = {

/* Begin PBXBuildFile section */
		50C7EE6F301BD34000BA6EE0 /* AppDelegate.swift in Sources */ = {isa = PBXBuildFile; fileRef = 50C7EE6E301BD34000BA6EE0 /* AppDelegate.swift */; };
		50C7EE71301BD34000BA6EE0 /* SceneDelegate.swift in Sources */ = {isa = PBXBuildFile; fileRef = 50C7EE70301BD34000BA6EE0 /* SceneDelegate.swift */; };
		50C7EE74301BD34000BA6EE0 /* LaunchScreen.storyboard in Resources */ = {isa = PBXBuildFile; fileRef = 50C7EE72301BD34000BA6EE0 /* LaunchScreen.storyboard */; };
		50C7EE77301BD34000BA6EE0 /* Main.storyboard in Resources */ = {isa = PBXBuildFile; fileRef = 50C7EE75301BD34000BA6EE0 /* Main.storyboard */; };
		50C7EE80301BD34000BA6EE0 /* AppDelegate.swift in Sources */ = {isa = PBXBuildFile; fileRef = 50C7EE7F301BD34000BA6EE0 /* AppDelegate.swift */; };
		50C7EE83301BD34000BA6EE0 /* Main.storyboard in Resources */ = {isa = PBXBuildFile; fileRef = 50C7EE81301BD34000BA6EE0 /* Main.storyboard */; };
		50C7EE8A301BD34000BA6EE0 /* QIS Plus Extension.appex in Embed Foundation Extensions */ = {isa = PBXBuildFile; fileRef = 50C7EE89301BD34000BA6EE0 /* QIS Plus Extension.appex */; settings = {ATTRIBUTES = (RemoveHeadersOnCopy, ); }; };
		50C7EE94301BD34000BA6EE0 /* QIS Plus Extension.appex in Embed Foundation Extensions */ = {isa = PBXBuildFile; fileRef = 50C7EE93301BD34000BA6EE0 /* QIS Plus Extension.appex */; settings = {ATTRIBUTES = (RemoveHeadersOnCopy, ); }; };
		50C7EE99301BD34000BA6EE0 /* Main.html in Resources */ = {isa = PBXBuildFile; fileRef = 50C7EE5E301BD34000BA6EE0 /* Main.html */; };
		50C7EE9A301BD34000BA6EE0 /* Main.html in Resources */ = {isa = PBXBuildFile; fileRef = 50C7EE5E301BD34000BA6EE0 /* Main.html */; };
		50C7EE9B301BD34000BA6EE0 /* Icon.png in Resources */ = {isa = PBXBuildFile; fileRef = 50C7EE60301BD34000BA6EE0 /* Icon.png */; };
		50C7EE9C301BD34000BA6EE0 /* Icon.png in Resources */ = {isa = PBXBuildFile; fileRef = 50C7EE60301BD34000BA6EE0 /* Icon.png */; };
		50C7EE9D301BD34000BA6EE0 /* Style.css in Resources */ = {isa = PBXBuildFile; fileRef = 50C7EE61301BD34000BA6EE0 /* Style.css */; };
		50C7EE9E301BD34000BA6EE0 /* Style.css in Resources */ = {isa = PBXBuildFile; fileRef = 50C7EE61301BD34000BA6EE0 /* Style.css */; };
		50C7EE9F301BD34000BA6EE0 /* Script.js in Resources */ = {isa = PBXBuildFile; fileRef = 50C7EE62301BD34000BA6EE0 /* Script.js */; };
		50C7EEA0301BD34000BA6EE0 /* Script.js in Resources */ = {isa = PBXBuildFile; fileRef = 50C7EE62301BD34000BA6EE0 /* Script.js */; };
		50C7EEA1301BD34000BA6EE0 /* ViewController.swift in Sources */ = {isa = PBXBuildFile; fileRef = 50C7EE63301BD34000BA6EE0 /* ViewController.swift */; };
		50C7EEA2301BD34000BA6EE0 /* ViewController.swift in Sources */ = {isa = PBXBuildFile; fileRef = 50C7EE63301BD34000BA6EE0 /* ViewController.swift */; };
		50C7EEA3301BD34000BA6EE0 /* Assets.xcassets in Resources */ = {isa = PBXBuildFile; fileRef = 50C7EE64301BD34000BA6EE0 /* Assets.xcassets */; };
		50C7EEA4301BD34000BA6EE0 /* Assets.xcassets in Resources */ = {isa = PBXBuildFile; fileRef = 50C7EE64301BD34000BA6EE0 /* Assets.xcassets */; };
		50C7EEA5301BD34000BA6EE0 /* SafariWebExtensionHandler.swift in Sources */ = {isa = PBXBuildFile; fileRef = 50C7EE66301BD34000BA6EE0 /* SafariWebExtensionHandler.swift */; };
		50C7EEA6301BD34000BA6EE0 /* SafariWebExtensionHandler.swift in Sources */ = {isa = PBXBuildFile; fileRef = 50C7EE66301BD34000BA6EE0 /* SafariWebExtensionHandler.swift */; };
		50C7EEC4301BD34100BA6EE0 /* icon-256.png in Resources */ = {isa = PBXBuildFile; fileRef = 50C7EEB8301BD34100BA6EE0 /* icon-256.png */; };
		50C7EEC5301BD34100BA6EE0 /* background.js in Resources */ = {isa = PBXBuildFile; fileRef = 50C7EEB9301BD34100BA6EE0 /* background.js */; };
		50C7EEC6301BD34100BA6EE0 /* popup.html in Resources */ = {isa = PBXBuildFile; fileRef = 50C7EEBA301BD34100BA6EE0 /* popup.html */; };
		50C7EEC7301BD34100BA6EE0 /* icon-48.png in Resources */ = {isa = PBXBuildFile; fileRef = 50C7EEBB301BD34100BA6EE0 /* icon-48.png */; };
		50C7EEC8301BD34100BA6EE0 /* chunks in Resources */ = {isa = PBXBuildFile; fileRef = 50C7EEBC301BD34100BA6EE0 /* chunks */; };
		50C7EEC9301BD34100BA6EE0 /* icon-96.png in Resources */ = {isa = PBXBuildFile; fileRef = 50C7EEBD301BD34100BA6EE0 /* icon-96.png */; };
		50C7EECA301BD34100BA6EE0 /* content-scripts in Resources */ = {isa = PBXBuildFile; fileRef = 50C7EEBE301BD34100BA6EE0 /* content-scripts */; };
		50C7EECB301BD34100BA6EE0 /* manifest.json in Resources */ = {isa = PBXBuildFile; fileRef = 50C7EEBF301BD34100BA6EE0 /* manifest.json */; };
		50C7EECC301BD34100BA6EE0 /* _locales in Resources */ = {isa = PBXBuildFile; fileRef = 50C7EEC0301BD34100BA6EE0 /* _locales */; };
		50C7EECD301BD34100BA6EE0 /* assets in Resources */ = {isa = PBXBuildFile; fileRef = 50C7EEC1301BD34100BA6EE0 /* assets */; };
		50C7EECE301BD34100BA6EE0 /* icon-128.png in Resources */ = {isa = PBXBuildFile; fileRef = 50C7EEC2301BD34100BA6EE0 /* icon-128.png */; };
		50C7EECF301BD34100BA6EE0 /* icon-512.png in Resources */ = {isa = PBXBuildFile; fileRef = 50C7EEC3301BD34100BA6EE0 /* icon-512.png */; };
		50C7EED0301BD34100BA6EE0 /* icon-256.png in Resources */ = {isa = PBXBuildFile; fileRef = 50C7EEB8301BD34100BA6EE0 /* icon-256.png */; };
		50C7EED1301BD34100BA6EE0 /* background.js in Resources */ = {isa = PBXBuildFile; fileRef = 50C7EEB9301BD34100BA6EE0 /* background.js */; };
		50C7EED2301BD34100BA6EE0 /* popup.html in Resources */ = {isa = PBXBuildFile; fileRef = 50C7EEBA301BD34100BA6EE0 /* popup.html */; };
		50C7EED3301BD34100BA6EE0 /* icon-48.png in Resources */ = {isa = PBXBuildFile; fileRef = 50C7EEBB301BD34100BA6EE0 /* icon-48.png */; };
		50C7EED4301BD34100BA6EE0 /* chunks in Resources */ = {isa = PBXBuildFile; fileRef = 50C7EEBC301BD34100BA6EE0 /* chunks */; };
		50C7EED5301BD34100BA6EE0 /* icon-96.png in Resources */ = {isa = PBXBuildFile; fileRef = 50C7EEBD301BD34100BA6EE0 /* icon-96.png */; };
		50C7EED6301BD34100BA6EE0 /* content-scripts in Resources */ = {isa = PBXBuildFile; fileRef = 50C7EEBE301BD34100BA6EE0 /* content-scripts */; };
		50C7EED7301BD34100BA6EE0 /* manifest.json in Resources */ = {isa = PBXBuildFile; fileRef = 50C7EEBF301BD34100BA6EE0 /* manifest.json */; };
		50C7EED8301BD34100BA6EE0 /* _locales in Resources */ = {isa = PBXBuildFile; fileRef = 50C7EEC0301BD34100BA6EE0 /* _locales */; };
		50C7EED9301BD34100BA6EE0 /* assets in Resources */ = {isa = PBXBuildFile; fileRef = 50C7EEC1301BD34100BA6EE0 /* assets */; };
		50C7EEDA301BD34100BA6EE0 /* icon-128.png in Resources */ = {isa = PBXBuildFile; fileRef = 50C7EEC2301BD34100BA6EE0 /* icon-128.png */; };
		50C7EEDB301BD34100BA6EE0 /* icon-512.png in Resources */ = {isa = PBXBuildFile; fileRef = 50C7EEC3301BD34100BA6EE0 /* icon-512.png */; };
/* End PBXBuildFile section */

/* Begin PBXContainerItemProxy section */
		50C7EE8B301BD34000BA6EE0 /* PBXContainerItemProxy */ = {
			isa = PBXContainerItemProxy;
			containerPortal = 50C7EE58301BD34000BA6EE0 /* Project object */;
			proxyType = 1;
			remoteGlobalIDString = 50C7EE88301BD34000BA6EE0;
			remoteInfo = "QIS Plus Extension (iOS)";
		};
		50C7EE95301BD34000BA6EE0 /* PBXContainerItemProxy */ = {
			isa = PBXContainerItemProxy;
			containerPortal = 50C7EE58301BD34000BA6EE0 /* Project object */;
			proxyType = 1;
			remoteGlobalIDString = 50C7EE92301BD34000BA6EE0;
			remoteInfo = "QIS Plus Extension (macOS)";
		};
/* End PBXContainerItemProxy section */

/* Begin PBXCopyFilesBuildPhase section */
		50C7EEAC301BD34000BA6EE0 /* Embed Foundation Extensions */ = {
			isa = PBXCopyFilesBuildPhase;
			buildActionMask = 2147483647;
			dstPath = "";
			dstSubfolderSpec = 13;
			files = (
				50C7EE8A301BD34000BA6EE0 /* QIS Plus Extension.appex in Embed Foundation Extensions */,
			);
			name = "Embed Foundation Extensions";
			runOnlyForDeploymentPostprocessing = 0;
		};
		50C7EEB3301BD34000BA6EE0 /* Embed Foundation Extensions */ = {
			isa = PBXCopyFilesBuildPhase;
			buildActionMask = 2147483647;
			dstPath = "";
			dstSubfolderSpec = 13;
			files = (
				50C7EE94301BD34000BA6EE0 /* QIS Plus Extension.appex in Embed Foundation Extensions */,
			);
			name = "Embed Foundation Extensions";
			runOnlyForDeploymentPostprocessing = 0;
		};
/* End PBXCopyFilesBuildPhase section */

/* Begin PBXFileReference section */
		50C7EE5F301BD34000BA6EE0 /* Base */ = {isa = PBXFileReference; lastKnownFileType = text.html; name = Base; path = Base.lproj/Main.html; sourceTree = "<group>"; };
		50C7EE60301BD34000BA6EE0 /* Icon.png */ = {isa = PBXFileReference; lastKnownFileType = image.png; path = Icon.png; sourceTree = "<group>"; };
		50C7EE61301BD34000BA6EE0 /* Style.css */ = {isa = PBXFileReference; lastKnownFileType = text.css; path = Style.css; sourceTree = "<group>"; };
		50C7EE62301BD34000BA6EE0 /* Script.js */ = {isa = PBXFileReference; lastKnownFileType = sourcecode.javascript; path = Script.js; sourceTree = "<group>"; };
		50C7EE63301BD34000BA6EE0 /* ViewController.swift */ = {isa = PBXFileReference; lastKnownFileType = sourcecode.swift; path = ViewController.swift; sourceTree = "<group>"; };
		50C7EE64301BD34000BA6EE0 /* Assets.xcassets */ = {isa = PBXFileReference; lastKnownFileType = folder.assetcatalog; path = Assets.xcassets; sourceTree = "<group>"; };
		50C7EE66301BD34000BA6EE0 /* SafariWebExtensionHandler.swift */ = {isa = PBXFileReference; lastKnownFileType = sourcecode.swift; path = SafariWebExtensionHandler.swift; sourceTree = "<group>"; };
		50C7EE6B301BD34000BA6EE0 /* QIS Plus.app */ = {isa = PBXFileReference; explicitFileType = wrapper.application; includeInIndex = 0; path = "QIS Plus.app"; sourceTree = BUILT_PRODUCTS_DIR; };
		50C7EE6E301BD34000BA6EE0 /* AppDelegate.swift */ = {isa = PBXFileReference; lastKnownFileType = sourcecode.swift; path = AppDelegate.swift; sourceTree = "<group>"; };
		50C7EE70301BD34000BA6EE0 /* SceneDelegate.swift */ = {isa = PBXFileReference; lastKnownFileType = sourcecode.swift; path = SceneDelegate.swift; sourceTree = "<group>"; };
		50C7EE73301BD34000BA6EE0 /* Base */ = {isa = PBXFileReference; lastKnownFileType = file.storyboard; name = Base; path = Base.lproj/LaunchScreen.storyboard; sourceTree = "<group>"; };
		50C7EE76301BD34000BA6EE0 /* Base */ = {isa = PBXFileReference; lastKnownFileType = file.storyboard; name = Base; path = Base.lproj/Main.storyboard; sourceTree = "<group>"; };
		50C7EE78301BD34000BA6EE0 /* Info.plist */ = {isa = PBXFileReference; lastKnownFileType = text.plist.xml; path = Info.plist; sourceTree = "<group>"; };
		50C7EE7D301BD34000BA6EE0 /* QIS Plus.app */ = {isa = PBXFileReference; explicitFileType = wrapper.application; includeInIndex = 0; path = "QIS Plus.app"; sourceTree = BUILT_PRODUCTS_DIR; };
		50C7EE7F301BD34000BA6EE0 /* AppDelegate.swift */ = {isa = PBXFileReference; lastKnownFileType = sourcecode.swift; path = AppDelegate.swift; sourceTree = "<group>"; };
		50C7EE82301BD34000BA6EE0 /* Base */ = {isa = PBXFileReference; lastKnownFileType = file.storyboard; name = Base; path = Base.lproj/Main.storyboard; sourceTree = "<group>"; };
		50C7EE84301BD34000BA6EE0 /* Info.plist */ = {isa = PBXFileReference; lastKnownFileType = text.plist.xml; path = Info.plist; sourceTree = "<group>"; };
		50C7EE89301BD34000BA6EE0 /* QIS Plus Extension.appex */ = {isa = PBXFileReference; explicitFileType = "wrapper.app-extension"; includeInIndex = 0; path = "QIS Plus Extension.appex"; sourceTree = BUILT_PRODUCTS_DIR; };
		50C7EE8E301BD34000BA6EE0 /* Info.plist */ = {isa = PBXFileReference; lastKnownFileType = text.plist.xml; path = Info.plist; sourceTree = "<group>"; };
		50C7EE93301BD34000BA6EE0 /* QIS Plus Extension.appex */ = {isa = PBXFileReference; explicitFileType = "wrapper.app-extension"; includeInIndex = 0; path = "QIS Plus Extension.appex"; sourceTree = BUILT_PRODUCTS_DIR; };
		50C7EE98301BD34000BA6EE0 /* Info.plist */ = {isa = PBXFileReference; lastKnownFileType = text.plist.xml; path = Info.plist; sourceTree = "<group>"; };
		50C7EEB8301BD34100BA6EE0 /* icon-256.png */ = {isa = PBXFileReference; lastKnownFileType = image.png; name = "icon-256.png"; path = "../../../extension/.output/safari-mv2/icon-256.png"; sourceTree = "<group>"; };
		50C7EEB9301BD34100BA6EE0 /* background.js */ = {isa = PBXFileReference; lastKnownFileType = sourcecode.javascript; name = background.js; path = "../../../extension/.output/safari-mv2/background.js"; sourceTree = "<group>"; };
		50C7EEBA301BD34100BA6EE0 /* popup.html */ = {isa = PBXFileReference; lastKnownFileType = text.html; name = popup.html; path = "../../../extension/.output/safari-mv2/popup.html"; sourceTree = "<group>"; };
		50C7EEBB301BD34100BA6EE0 /* icon-48.png */ = {isa = PBXFileReference; lastKnownFileType = image.png; name = "icon-48.png"; path = "../../../extension/.output/safari-mv2/icon-48.png"; sourceTree = "<group>"; };
		50C7EEBC301BD34100BA6EE0 /* chunks */ = {isa = PBXFileReference; lastKnownFileType = folder; name = chunks; path = "../../../extension/.output/safari-mv2/chunks"; sourceTree = "<group>"; };
		50C7EEBD301BD34100BA6EE0 /* icon-96.png */ = {isa = PBXFileReference; lastKnownFileType = image.png; name = "icon-96.png"; path = "../../../extension/.output/safari-mv2/icon-96.png"; sourceTree = "<group>"; };
		50C7EEBE301BD34100BA6EE0 /* content-scripts */ = {isa = PBXFileReference; lastKnownFileType = folder; name = "content-scripts"; path = "../../../extension/.output/safari-mv2/content-scripts"; sourceTree = "<group>"; };
		50C7EEBF301BD34100BA6EE0 /* manifest.json */ = {isa = PBXFileReference; lastKnownFileType = text.json; name = manifest.json; path = "../../../extension/.output/safari-mv2/manifest.json"; sourceTree = "<group>"; };
		50C7EEC0301BD34100BA6EE0 /* _locales */ = {isa = PBXFileReference; lastKnownFileType = folder; name = _locales; path = "../../../extension/.output/safari-mv2/_locales"; sourceTree = "<group>"; };
		50C7EEC1301BD34100BA6EE0 /* assets */ = {isa = PBXFileReference; lastKnownFileType = folder; name = assets; path = "../../../extension/.output/safari-mv2/assets"; sourceTree = "<group>"; };
		50C7EEC2301BD34100BA6EE0 /* icon-128.png */ = {isa = PBXFileReference; lastKnownFileType = image.png; name = "icon-128.png"; path = "../../../extension/.output/safari-mv2/icon-128.png"; sourceTree = "<group>"; };
		50C7EEC3301BD34100BA6EE0 /* icon-512.png */ = {isa = PBXFileReference; lastKnownFileType = image.png; name = "icon-512.png"; path = "../../../extension/.output/safari-mv2/icon-512.png"; sourceTree = "<group>"; };
/* End PBXFileReference section */

/* Begin PBXFrameworksBuildPhase section */
		50C7EE68301BD34000BA6EE0 /* Frameworks */ = {
			isa = PBXFrameworksBuildPhase;
			buildActionMask = 2147483647;
			files = (
			);
			runOnlyForDeploymentPostprocessing = 0;
		};
		50C7EE7A301BD34000BA6EE0 /* Frameworks */ = {
			isa = PBXFrameworksBuildPhase;
			buildActionMask = 2147483647;
			files = (
			);
			runOnlyForDeploymentPostprocessing = 0;
		};
		50C7EE86301BD34000BA6EE0 /* Frameworks */ = {
			isa = PBXFrameworksBuildPhase;
			buildActionMask = 2147483647;
			files = (
			);
			runOnlyForDeploymentPostprocessing = 0;
		};
		50C7EE90301BD34000BA6EE0 /* Frameworks */ = {
			isa = PBXFrameworksBuildPhase;
			buildActionMask = 2147483647;
			files = (
			);
			runOnlyForDeploymentPostprocessing = 0;
		};
/* End PBXFrameworksBuildPhase section */

/* Begin PBXGroup section */
		50C7EE57301BD34000BA6EE0 = {
			isa = PBXGroup;
			children = (
				50C7EE5C301BD34000BA6EE0 /* Shared (App) */,
				50C7EE65301BD34000BA6EE0 /* Shared (Extension) */,
				50C7EE6D301BD34000BA6EE0 /* iOS (App) */,
				50C7EE7E301BD34000BA6EE0 /* macOS (App) */,
				50C7EE8D301BD34000BA6EE0 /* iOS (Extension) */,
				50C7EE97301BD34000BA6EE0 /* macOS (Extension) */,
				50C7EE6C301BD34000BA6EE0 /* Products */,
			);
			sourceTree = "<group>";
		};
		50C7EE5C301BD34000BA6EE0 /* Shared (App) */ = {
			isa = PBXGroup;
			children = (
				50C7EE63301BD34000BA6EE0 /* ViewController.swift */,
				50C7EE64301BD34000BA6EE0 /* Assets.xcassets */,
				50C7EE5D301BD34000BA6EE0 /* Resources */,
			);
			path = "Shared (App)";
			sourceTree = "<group>";
		};
		50C7EE5D301BD34000BA6EE0 /* Resources */ = {
			isa = PBXGroup;
			children = (
				50C7EE5E301BD34000BA6EE0 /* Main.html */,
				50C7EE60301BD34000BA6EE0 /* Icon.png */,
				50C7EE61301BD34000BA6EE0 /* Style.css */,
				50C7EE62301BD34000BA6EE0 /* Script.js */,
			);
			path = Resources;
			sourceTree = "<group>";
		};
		50C7EE65301BD34000BA6EE0 /* Shared (Extension) */ = {
			isa = PBXGroup;
			children = (
				50C7EEB7301BD34100BA6EE0 /* Resources */,
				50C7EE66301BD34000BA6EE0 /* SafariWebExtensionHandler.swift */,
			);
			path = "Shared (Extension)";
			sourceTree = "<group>";
		};
		50C7EE6C301BD34000BA6EE0 /* Products */ = {
			isa = PBXGroup;
			children = (
				50C7EE6B301BD34000BA6EE0 /* QIS Plus.app */,
				50C7EE7D301BD34000BA6EE0 /* QIS Plus.app */,
				50C7EE89301BD34000BA6EE0 /* QIS Plus Extension.appex */,
				50C7EE93301BD34000BA6EE0 /* QIS Plus Extension.appex */,
			);
			name = Products;
			sourceTree = "<group>";
		};
		50C7EE6D301BD34000BA6EE0 /* iOS (App) */ = {
			isa = PBXGroup;
			children = (
				50C7EE6E301BD34000BA6EE0 /* AppDelegate.swift */,
				50C7EE70301BD34000BA6EE0 /* SceneDelegate.swift */,
				50C7EE72301BD34000BA6EE0 /* LaunchScreen.storyboard */,
				50C7EE75301BD34000BA6EE0 /* Main.storyboard */,
				50C7EE78301BD34000BA6EE0 /* Info.plist */,
			);
			path = "iOS (App)";
			sourceTree = "<group>";
		};
		50C7EE7E301BD34000BA6EE0 /* macOS (App) */ = {
			isa = PBXGroup;
			children = (
				50C7EE7F301BD34000BA6EE0 /* AppDelegate.swift */,
				50C7EE81301BD34000BA6EE0 /* Main.storyboard */,
				50C7EE84301BD34000BA6EE0 /* Info.plist */,
			);
			path = "macOS (App)";
			sourceTree = "<group>";
		};
		50C7EE8D301BD34000BA6EE0 /* iOS (Extension) */ = {
			isa = PBXGroup;
			children = (
				50C7EE8E301BD34000BA6EE0 /* Info.plist */,
			);
			path = "iOS (Extension)";
			sourceTree = "<group>";
		};
		50C7EE97301BD34000BA6EE0 /* macOS (Extension) */ = {
			isa = PBXGroup;
			children = (
				50C7EE98301BD34000BA6EE0 /* Info.plist */,
			);
			path = "macOS (Extension)";
			sourceTree = "<group>";
		};
		50C7EEB7301BD34100BA6EE0 /* Resources */ = {
			isa = PBXGroup;
			children = (
				50C7EEB8301BD34100BA6EE0 /* icon-256.png */,
				50C7EEB9301BD34100BA6EE0 /* background.js */,
				50C7EEBA301BD34100BA6EE0 /* popup.html */,
				50C7EEBB301BD34100BA6EE0 /* icon-48.png */,
				50C7EEBC301BD34100BA6EE0 /* chunks */,
				50C7EEBD301BD34100BA6EE0 /* icon-96.png */,
				50C7EEBE301BD34100BA6EE0 /* content-scripts */,
				50C7EEBF301BD34100BA6EE0 /* manifest.json */,
				50C7EEC0301BD34100BA6EE0 /* _locales */,
				50C7EEC1301BD34100BA6EE0 /* assets */,
				50C7EEC2301BD34100BA6EE0 /* icon-128.png */,
				50C7EEC3301BD34100BA6EE0 /* icon-512.png */,
			);
			name = Resources;
			path = "Shared (Extension)";
			sourceTree = SOURCE_ROOT;
		};
/* End PBXGroup section */

/* Begin PBXNativeTarget section */
		50C7EE6A301BD34000BA6EE0 /* QIS Plus (iOS) */ = {
			isa = PBXNativeTarget;
			buildConfigurationList = 50C7EEAD301BD34000BA6EE0 /* Build configuration list for PBXNativeTarget "QIS Plus (iOS)" */;
			buildPhases = (
				50C7EE67301BD34000BA6EE0 /* Sources */,
				50C7EE68301BD34000BA6EE0 /* Frameworks */,
				50C7EE69301BD34000BA6EE0 /* Resources */,
				50C7EEAC301BD34000BA6EE0 /* Embed Foundation Extensions */,
			);
			buildRules = (
			);
			dependencies = (
				50C7EE8C301BD34000BA6EE0 /* PBXTargetDependency */,
			);
			name = "QIS Plus (iOS)";
			packageProductDependencies = (
			);
			productName = "QIS Plus (iOS)";
			productReference = 50C7EE6B301BD34000BA6EE0 /* QIS Plus.app */;
			productType = "com.apple.product-type.application";
		};
		50C7EE7C301BD34000BA6EE0 /* QIS Plus (macOS) */ = {
			isa = PBXNativeTarget;
			buildConfigurationList = 50C7EEB4301BD34000BA6EE0 /* Build configuration list for PBXNativeTarget "QIS Plus (macOS)" */;
			buildPhases = (
				50C7EE79301BD34000BA6EE0 /* Sources */,
				50C7EE7A301BD34000BA6EE0 /* Frameworks */,
				50C7EE7B301BD34000BA6EE0 /* Resources */,
				50C7EEB3301BD34000BA6EE0 /* Embed Foundation Extensions */,
			);
			buildRules = (
			);
			dependencies = (
				50C7EE96301BD34000BA6EE0 /* PBXTargetDependency */,
			);
			name = "QIS Plus (macOS)";
			packageProductDependencies = (
			);
			productName = "QIS Plus (macOS)";
			productReference = 50C7EE7D301BD34000BA6EE0 /* QIS Plus.app */;
			productType = "com.apple.product-type.application";
		};
		50C7EE88301BD34000BA6EE0 /* QIS Plus Extension (iOS) */ = {
			isa = PBXNativeTarget;
			buildConfigurationList = 50C7EEA9301BD34000BA6EE0 /* Build configuration list for PBXNativeTarget "QIS Plus Extension (iOS)" */;
			buildPhases = (
				50C7EE85301BD34000BA6EE0 /* Sources */,
				50C7EE86301BD34000BA6EE0 /* Frameworks */,
				50C7EE87301BD34000BA6EE0 /* Resources */,
			);
			buildRules = (
			);
			dependencies = (
			);
			name = "QIS Plus Extension (iOS)";
			packageProductDependencies = (
			);
			productName = "QIS Plus Extension (iOS)";
			productReference = 50C7EE89301BD34000BA6EE0 /* QIS Plus Extension.appex */;
			productType = "com.apple.product-type.app-extension";
		};
		50C7EE92301BD34000BA6EE0 /* QIS Plus Extension (macOS) */ = {
			isa = PBXNativeTarget;
			buildConfigurationList = 50C7EEB0301BD34000BA6EE0 /* Build configuration list for PBXNativeTarget "QIS Plus Extension (macOS)" */;
			buildPhases = (
				50C7EE8F301BD34000BA6EE0 /* Sources */,
				50C7EE90301BD34000BA6EE0 /* Frameworks */,
				50C7EE91301BD34000BA6EE0 /* Resources */,
			);
			buildRules = (
			);
			dependencies = (
			);
			name = "QIS Plus Extension (macOS)";
			packageProductDependencies = (
			);
			productName = "QIS Plus Extension (macOS)";
			productReference = 50C7EE93301BD34000BA6EE0 /* QIS Plus Extension.appex */;
			productType = "com.apple.product-type.app-extension";
		};
/* End PBXNativeTarget section */

/* Begin PBXProject section */
		50C7EE58301BD34000BA6EE0 /* Project object */ = {
			isa = PBXProject;
			attributes = {
				BuildIndependentTargetsInParallel = 1;
				LastSwiftUpdateCheck = 2660;
				LastUpgradeCheck = 2660;
				TargetAttributes = {
					50C7EE6A301BD34000BA6EE0 = {
						CreatedOnToolsVersion = 26.6;
					};
					50C7EE7C301BD34000BA6EE0 = {
						CreatedOnToolsVersion = 26.6;
					};
					50C7EE88301BD34000BA6EE0 = {
						CreatedOnToolsVersion = 26.6;
					};
					50C7EE92301BD34000BA6EE0 = {
						CreatedOnToolsVersion = 26.6;
					};
				};
			};
			buildConfigurationList = 50C7EE5B301BD34000BA6EE0 /* Build configuration list for PBXProject "QIS Plus" */;
			developmentRegion = en;
			hasScannedForEncodings = 0;
			knownRegions = (
				en,
				Base,
			);
			mainGroup = 50C7EE57301BD34000BA6EE0;
			minimizedProjectReferenceProxies = 1;
			preferredProjectObjectVersion = 77;
			productRefGroup = 50C7EE6C301BD34000BA6EE0 /* Products */;
			projectDirPath = "";
			projectRoot = "";
			targets = (
				50C7EE6A301BD34000BA6EE0 /* QIS Plus (iOS) */,
				50C7EE7C301BD34000BA6EE0 /* QIS Plus (macOS) */,
				50C7EE88301BD34000BA6EE0 /* QIS Plus Extension (iOS) */,
				50C7EE92301BD34000BA6EE0 /* QIS Plus Extension (macOS) */,
			);
		};
/* End PBXProject section */

/* Begin PBXResourcesBuildPhase section */
		50C7EE69301BD34000BA6EE0 /* Resources */ = {
			isa = PBXResourcesBuildPhase;
			buildActionMask = 2147483647;
			files = (
				50C7EE9B301BD34000BA6EE0 /* Icon.png in Resources */,
				50C7EE74301BD34000BA6EE0 /* LaunchScreen.storyboard in Resources */,
				50C7EE99301BD34000BA6EE0 /* Main.html in Resources */,
				50C7EE9F301BD34000BA6EE0 /* Script.js in Resources */,
				50C7EEA3301BD34000BA6EE0 /* Assets.xcassets in Resources */,
				50C7EE77301BD34000BA6EE0 /* Main.storyboard in Resources */,
				50C7EE9D301BD34000BA6EE0 /* Style.css in Resources */,
			);
			runOnlyForDeploymentPostprocessing = 0;
		};
		50C7EE7B301BD34000BA6EE0 /* Resources */ = {
			isa = PBXResourcesBuildPhase;
			buildActionMask = 2147483647;
			files = (
				50C7EE9C301BD34000BA6EE0 /* Icon.png in Resources */,
				50C7EE9E301BD34000BA6EE0 /* Style.css in Resources */,
				50C7EE83301BD34000BA6EE0 /* Main.storyboard in Resources */,
				50C7EEA0301BD34000BA6EE0 /* Script.js in Resources */,
				50C7EEA4301BD34000BA6EE0 /* Assets.xcassets in Resources */,
				50C7EE9A301BD34000BA6EE0 /* Main.html in Resources */,
			);
			runOnlyForDeploymentPostprocessing = 0;
		};
		50C7EE87301BD34000BA6EE0 /* Resources */ = {
			isa = PBXResourcesBuildPhase;
			buildActionMask = 2147483647;
			files = (
				50C7EED8301BD34100BA6EE0 /* _locales in Resources */,
				50C7EED4301BD34100BA6EE0 /* chunks in Resources */,
				50C7EED6301BD34100BA6EE0 /* content-scripts in Resources */,
				50C7EED3301BD34100BA6EE0 /* icon-48.png in Resources */,
				50C7EEDA301BD34100BA6EE0 /* icon-128.png in Resources */,
				50C7EEDB301BD34100BA6EE0 /* icon-512.png in Resources */,
				50C7EED1301BD34100BA6EE0 /* background.js in Resources */,
				50C7EED9301BD34100BA6EE0 /* assets in Resources */,
				50C7EED7301BD34100BA6EE0 /* manifest.json in Resources */,
				50C7EED2301BD34100BA6EE0 /* popup.html in Resources */,
				50C7EED0301BD34100BA6EE0 /* icon-256.png in Resources */,
				50C7EED5301BD34100BA6EE0 /* icon-96.png in Resources */,
			);
			runOnlyForDeploymentPostprocessing = 0;
		};
		50C7EE91301BD34000BA6EE0 /* Resources */ = {
			isa = PBXResourcesBuildPhase;
			buildActionMask = 2147483647;
			files = (
				50C7EECC301BD34100BA6EE0 /* _locales in Resources */,
				50C7EEC8301BD34100BA6EE0 /* chunks in Resources */,
				50C7EECA301BD34100BA6EE0 /* content-scripts in Resources */,
				50C7EEC7301BD34100BA6EE0 /* icon-48.png in Resources */,
				50C7EECE301BD34100BA6EE0 /* icon-128.png in Resources */,
				50C7EECF301BD34100BA6EE0 /* icon-512.png in Resources */,
				50C7EEC5301BD34100BA6EE0 /* background.js in Resources */,
				50C7EECD301BD34100BA6EE0 /* assets in Resources */,
				50C7EECB301BD34100BA6EE0 /* manifest.json in Resources */,
				50C7EEC6301BD34100BA6EE0 /* popup.html in Resources */,
				50C7EEC4301BD34100BA6EE0 /* icon-256.png in Resources */,
				50C7EEC9301BD34100BA6EE0 /* icon-96.png in Resources */,
			);
			runOnlyForDeploymentPostprocessing = 0;
		};
/* End PBXResourcesBuildPhase section */

/* Begin PBXSourcesBuildPhase section */
		50C7EE67301BD34000BA6EE0 /* Sources */ = {
			isa = PBXSourcesBuildPhase;
			buildActionMask = 2147483647;
			files = (
				50C7EEA1301BD34000BA6EE0 /* ViewController.swift in Sources */,
				50C7EE6F301BD34000BA6EE0 /* AppDelegate.swift in Sources */,
				50C7EE71301BD34000BA6EE0 /* SceneDelegate.swift in Sources */,
			);
			runOnlyForDeploymentPostprocessing = 0;
		};
		50C7EE79301BD34000BA6EE0 /* Sources */ = {
			isa = PBXSourcesBuildPhase;
			buildActionMask = 2147483647;
			files = (
				50C7EEA2301BD34000BA6EE0 /* ViewController.swift in Sources */,
				50C7EE80301BD34000BA6EE0 /* AppDelegate.swift in Sources */,
			);
			runOnlyForDeploymentPostprocessing = 0;
		};
		50C7EE85301BD34000BA6EE0 /* Sources */ = {
			isa = PBXSourcesBuildPhase;
			buildActionMask = 2147483647;
			files = (
				50C7EEA5301BD34000BA6EE0 /* SafariWebExtensionHandler.swift in Sources */,
			);
			runOnlyForDeploymentPostprocessing = 0;
		};
		50C7EE8F301BD34000BA6EE0 /* Sources */ = {
			isa = PBXSourcesBuildPhase;
			buildActionMask = 2147483647;
			files = (
				50C7EEA6301BD34000BA6EE0 /* SafariWebExtensionHandler.swift in Sources */,
			);
			runOnlyForDeploymentPostprocessing = 0;
		};
/* End PBXSourcesBuildPhase section */

/* Begin PBXTargetDependency section */
		50C7EE8C301BD34000BA6EE0 /* PBXTargetDependency */ = {
			isa = PBXTargetDependency;
			target = 50C7EE88301BD34000BA6EE0 /* QIS Plus Extension (iOS) */;
			targetProxy = 50C7EE8B301BD34000BA6EE0 /* PBXContainerItemProxy */;
		};
		50C7EE96301BD34000BA6EE0 /* PBXTargetDependency */ = {
			isa = PBXTargetDependency;
			target = 50C7EE92301BD34000BA6EE0 /* QIS Plus Extension (macOS) */;
			targetProxy = 50C7EE95301BD34000BA6EE0 /* PBXContainerItemProxy */;
		};
/* End PBXTargetDependency section */

/* Begin PBXVariantGroup section */
		50C7EE5E301BD34000BA6EE0 /* Main.html */ = {
			isa = PBXVariantGroup;
			children = (
				50C7EE5F301BD34000BA6EE0 /* Base */,
			);
			name = Main.html;
			sourceTree = "<group>";
		};
		50C7EE72301BD34000BA6EE0 /* LaunchScreen.storyboard */ = {
			isa = PBXVariantGroup;
			children = (
				50C7EE73301BD34000BA6EE0 /* Base */,
			);
			name = LaunchScreen.storyboard;
			sourceTree = "<group>";
		};
		50C7EE75301BD34000BA6EE0 /* Main.storyboard */ = {
			isa = PBXVariantGroup;
			children = (
				50C7EE76301BD34000BA6EE0 /* Base */,
			);
			name = Main.storyboard;
			sourceTree = "<group>";
		};
		50C7EE81301BD34000BA6EE0 /* Main.storyboard */ = {
			isa = PBXVariantGroup;
			children = (
				50C7EE82301BD34000BA6EE0 /* Base */,
			);
			name = Main.storyboard;
			sourceTree = "<group>";
		};
/* End PBXVariantGroup section */

/* Begin XCBuildConfiguration section */
		50C7EEA7301BD34000BA6EE0 /* Debug */ = {
			isa = XCBuildConfiguration;
			buildSettings = {
				ALWAYS_SEARCH_USER_PATHS = NO;
				ASSETCATALOG_COMPILER_GENERATE_SWIFT_ASSET_SYMBOL_EXTENSIONS = YES;
				CLANG_ANALYZER_NONNULL = YES;
				CLANG_ANALYZER_NUMBER_OBJECT_CONVERSION = YES_AGGRESSIVE;
				CLANG_CXX_LANGUAGE_STANDARD = "gnu++20";
				CLANG_ENABLE_MODULES = YES;
				CLANG_ENABLE_OBJC_ARC = YES;
				CLANG_ENABLE_OBJC_WEAK = YES;
				CLANG_WARN_BLOCK_CAPTURE_AUTORELEASING = YES;
				CLANG_WARN_BOOL_CONVERSION = YES;
				CLANG_WARN_COMMA = YES;
				CLANG_WARN_CONSTANT_CONVERSION = YES;
				CLANG_WARN_DEPRECATED_OBJC_IMPLEMENTATIONS = YES;
				CLANG_WARN_DIRECT_OBJC_ISA_USAGE = YES_ERROR;
				CLANG_WARN_DOCUMENTATION_COMMENTS = YES;
				CLANG_WARN_EMPTY_BODY = YES;
				CLANG_WARN_ENUM_CONVERSION = YES;
				CLANG_WARN_INFINITE_RECURSION = YES;
				CLANG_WARN_INT_CONVERSION = YES;
				CLANG_WARN_NON_LITERAL_NULL_CONVERSION = YES;
				CLANG_WARN_OBJC_IMPLICIT_RETAIN_SELF = YES;
				CLANG_WARN_OBJC_LITERAL_CONVERSION = YES;
				CLANG_WARN_OBJC_ROOT_CLASS = YES_ERROR;
				CLANG_WARN_QUOTED_INCLUDE_IN_FRAMEWORK_HEADER = YES;
				CLANG_WARN_RANGE_LOOP_ANALYSIS = YES;
				CLANG_WARN_STRICT_PROTOTYPES = YES;
				CLANG_WARN_SUSPICIOUS_MOVE = YES;
				CLANG_WARN_UNGUARDED_AVAILABILITY = YES_AGGRESSIVE;
				CLANG_WARN_UNREACHABLE_CODE = YES;
				CLANG_WARN__DUPLICATE_METHOD_MATCH = YES;
				COPY_PHASE_STRIP = NO;
				DEBUG_INFORMATION_FORMAT = dwarf;
				ENABLE_STRICT_OBJC_MSGSEND = YES;
				ENABLE_TESTABILITY = YES;
				ENABLE_USER_SCRIPT_SANDBOXING = YES;
				GCC_C_LANGUAGE_STANDARD = gnu17;
				GCC_DYNAMIC_NO_PIC = NO;
				GCC_NO_COMMON_BLOCKS = YES;
				GCC_OPTIMIZATION_LEVEL = 0;
				GCC_PREPROCESSOR_DEFINITIONS = (
					"DEBUG=1",
					"$(inherited)",
				);
				GCC_WARN_64_TO_32_BIT_CONVERSION = YES;
				GCC_WARN_ABOUT_RETURN_TYPE = YES_ERROR;
				GCC_WARN_UNDECLARED_SELECTOR = YES;
				GCC_WARN_UNINITIALIZED_AUTOS = YES_AGGRESSIVE;
				GCC_WARN_UNUSED_FUNCTION = YES;
				GCC_WARN_UNUSED_VARIABLE = YES;
				LOCALIZATION_PREFERS_STRING_CATALOGS = YES;
				MTL_ENABLE_DEBUG_INFO = INCLUDE_SOURCE;
				MTL_FAST_MATH = YES;
				ONLY_ACTIVE_ARCH = YES;
				SWIFT_ACTIVE_COMPILATION_CONDITIONS = "DEBUG $(inherited)";
				SWIFT_OPTIMIZATION_LEVEL = "-Onone";
			};
			name = Debug;
		};
		50C7EEA8301BD34000BA6EE0 /* Release */ = {
			isa = XCBuildConfiguration;
			buildSettings = {
				ALWAYS_SEARCH_USER_PATHS = NO;
				ASSETCATALOG_COMPILER_GENERATE_SWIFT_ASSET_SYMBOL_EXTENSIONS = YES;
				CLANG_ANALYZER_NONNULL = YES;
				CLANG_ANALYZER_NUMBER_OBJECT_CONVERSION = YES_AGGRESSIVE;
				CLANG_CXX_LANGUAGE_STANDARD = "gnu++20";
				CLANG_ENABLE_MODULES = YES;
				CLANG_ENABLE_OBJC_ARC = YES;
				CLANG_ENABLE_OBJC_WEAK = YES;
				CLANG_WARN_BLOCK_CAPTURE_AUTORELEASING = YES;
				CLANG_WARN_BOOL_CONVERSION = YES;
				CLANG_WARN_COMMA = YES;
				CLANG_WARN_CONSTANT_CONVERSION = YES;
				CLANG_WARN_DEPRECATED_OBJC_IMPLEMENTATIONS = YES;
				CLANG_WARN_DIRECT_OBJC_ISA_USAGE = YES_ERROR;
				CLANG_WARN_DOCUMENTATION_COMMENTS = YES;
				CLANG_WARN_EMPTY_BODY = YES;
				CLANG_WARN_ENUM_CONVERSION = YES;
				CLANG_WARN_INFINITE_RECURSION = YES;
				CLANG_WARN_INT_CONVERSION = YES;
				CLANG_WARN_NON_LITERAL_NULL_CONVERSION = YES;
				CLANG_WARN_OBJC_IMPLICIT_RETAIN_SELF = YES;
				CLANG_WARN_OBJC_LITERAL_CONVERSION = YES;
				CLANG_WARN_OBJC_ROOT_CLASS = YES_ERROR;
				CLANG_WARN_QUOTED_INCLUDE_IN_FRAMEWORK_HEADER = YES;
				CLANG_WARN_RANGE_LOOP_ANALYSIS = YES;
				CLANG_WARN_STRICT_PROTOTYPES = YES;
				CLANG_WARN_SUSPICIOUS_MOVE = YES;
				CLANG_WARN_UNGUARDED_AVAILABILITY = YES_AGGRESSIVE;
				CLANG_WARN_UNREACHABLE_CODE = YES;
				CLANG_WARN__DUPLICATE_METHOD_MATCH = YES;
				COPY_PHASE_STRIP = NO;
				DEBUG_INFORMATION_FORMAT = "dwarf-with-dsym";
				ENABLE_NS_ASSERTIONS = NO;
				ENABLE_STRICT_OBJC_MSGSEND = YES;
				ENABLE_USER_SCRIPT_SANDBOXING = YES;
				GCC_C_LANGUAGE_STANDARD = gnu17;
				GCC_NO_COMMON_BLOCKS = YES;
				GCC_WARN_64_TO_32_BIT_CONVERSION = YES;
				GCC_WARN_ABOUT_RETURN_TYPE = YES_ERROR;
				GCC_WARN_UNDECLARED_SELECTOR = YES;
				GCC_WARN_UNINITIALIZED_AUTOS = YES_AGGRESSIVE;
				GCC_WARN_UNUSED_FUNCTION = YES;
				GCC_WARN_UNUSED_VARIABLE = YES;
				LOCALIZATION_PREFERS_STRING_CATALOGS = YES;
				MTL_ENABLE_DEBUG_INFO = NO;
				MTL_FAST_MATH = YES;
				SWIFT_COMPILATION_MODE = wholemodule;
			};
			name = Release;
		};
		50C7EEAA301BD34000BA6EE0 /* Debug */ = {
			isa = XCBuildConfiguration;
			buildSettings = {
				CODE_SIGN_STYLE = Automatic;
				CURRENT_PROJECT_VERSION = 1;
				GENERATE_INFOPLIST_FILE = YES;
				INFOPLIST_FILE = "iOS (Extension)/Info.plist";
				INFOPLIST_KEY_CFBundleDisplayName = "QIS Plus Extension";
				INFOPLIST_KEY_NSHumanReadableCopyright = "";
				IPHONEOS_DEPLOYMENT_TARGET = 15.0;
				LD_RUNPATH_SEARCH_PATHS = (
					"$(inherited)",
					"@executable_path/Frameworks",
					"@executable_path/../../Frameworks",
				);
				MARKETING_VERSION = 1.0;
				OTHER_LDFLAGS = (
					"-framework",
					SafariServices,
				);
				PRODUCT_BUNDLE_IDENTIFIER = "app.maxsauerwein.extensions.qis-plus.Extension";
				PRODUCT_NAME = "QIS Plus Extension";
				SDKROOT = iphoneos;
				SKIP_INSTALL = YES;
				STRING_CATALOG_GENERATE_SYMBOLS = YES;
				SWIFT_APPROACHABLE_CONCURRENCY = YES;
				SWIFT_EMIT_LOC_STRINGS = YES;
				SWIFT_UPCOMING_FEATURE_MEMBER_IMPORT_VISIBILITY = YES;
				SWIFT_VERSION = 5.0;
				TARGETED_DEVICE_FAMILY = "1,2";
			};
			name = Debug;
		};
		50C7EEAB301BD34000BA6EE0 /* Release */ = {
			isa = XCBuildConfiguration;
			buildSettings = {
				CODE_SIGN_STYLE = Automatic;
				CURRENT_PROJECT_VERSION = 1;
				GENERATE_INFOPLIST_FILE = YES;
				INFOPLIST_FILE = "iOS (Extension)/Info.plist";
				INFOPLIST_KEY_CFBundleDisplayName = "QIS Plus Extension";
				INFOPLIST_KEY_NSHumanReadableCopyright = "";
				IPHONEOS_DEPLOYMENT_TARGET = 15.0;
				LD_RUNPATH_SEARCH_PATHS = (
					"$(inherited)",
					"@executable_path/Frameworks",
					"@executable_path/../../Frameworks",
				);
				MARKETING_VERSION = 1.0;
				OTHER_LDFLAGS = (
					"-framework",
					SafariServices,
				);
				PRODUCT_BUNDLE_IDENTIFIER = "app.maxsauerwein.extensions.qis-plus.Extension";
				PRODUCT_NAME = "QIS Plus Extension";
				SDKROOT = iphoneos;
				SKIP_INSTALL = YES;
				STRING_CATALOG_GENERATE_SYMBOLS = YES;
				SWIFT_APPROACHABLE_CONCURRENCY = YES;
				SWIFT_EMIT_LOC_STRINGS = YES;
				SWIFT_UPCOMING_FEATURE_MEMBER_IMPORT_VISIBILITY = YES;
				SWIFT_VERSION = 5.0;
				TARGETED_DEVICE_FAMILY = "1,2";
				VALIDATE_PRODUCT = YES;
			};
			name = Release;
		};
		50C7EEAE301BD34000BA6EE0 /* Debug */ = {
			isa = XCBuildConfiguration;
			buildSettings = {
				ASSETCATALOG_COMPILER_APPICON_NAME = AppIcon;
				ASSETCATALOG_COMPILER_GLOBAL_ACCENT_COLOR_NAME = AccentColor;
				CODE_SIGN_STYLE = Automatic;
				CURRENT_PROJECT_VERSION = 1;
				GENERATE_INFOPLIST_FILE = YES;
				INFOPLIST_FILE = "iOS (App)/Info.plist";
				INFOPLIST_KEY_CFBundleDisplayName = "QIS Plus";
				INFOPLIST_KEY_UIApplicationSupportsIndirectInputEvents = YES;
				INFOPLIST_KEY_UILaunchStoryboardName = LaunchScreen;
				INFOPLIST_KEY_UIMainStoryboardFile = Main;
				INFOPLIST_KEY_UISupportedInterfaceOrientations = "UIInterfaceOrientationPortrait UIInterfaceOrientationLandscapeLeft UIInterfaceOrientationLandscapeRight";
				INFOPLIST_KEY_UISupportedInterfaceOrientations_iPad = "UIInterfaceOrientationPortrait UIInterfaceOrientationPortraitUpsideDown UIInterfaceOrientationLandscapeLeft UIInterfaceOrientationLandscapeRight";
				IPHONEOS_DEPLOYMENT_TARGET = 15.0;
				LD_RUNPATH_SEARCH_PATHS = (
					"$(inherited)",
					"@executable_path/Frameworks",
				);
				MARKETING_VERSION = 1.0;
				OTHER_LDFLAGS = (
					"-framework",
					SafariServices,
					"-framework",
					WebKit,
				);
				PRODUCT_BUNDLE_IDENTIFIER = "app.maxsauerwein.extensions.qis-plus";
				PRODUCT_NAME = "QIS Plus";
				SDKROOT = iphoneos;
				STRING_CATALOG_GENERATE_SYMBOLS = YES;
				SWIFT_APPROACHABLE_CONCURRENCY = YES;
				SWIFT_DEFAULT_ACTOR_ISOLATION = MainActor;
				SWIFT_EMIT_LOC_STRINGS = YES;
				SWIFT_UPCOMING_FEATURE_MEMBER_IMPORT_VISIBILITY = YES;
				SWIFT_VERSION = 5.0;
				TARGETED_DEVICE_FAMILY = "1,2";
			};
			name = Debug;
		};
		50C7EEAF301BD34000BA6EE0 /* Release */ = {
			isa = XCBuildConfiguration;
			buildSettings = {
				ASSETCATALOG_COMPILER_APPICON_NAME = AppIcon;
				ASSETCATALOG_COMPILER_GLOBAL_ACCENT_COLOR_NAME = AccentColor;
				CODE_SIGN_STYLE = Automatic;
				CURRENT_PROJECT_VERSION = 1;
				GENERATE_INFOPLIST_FILE = YES;
				INFOPLIST_FILE = "iOS (App)/Info.plist";
				INFOPLIST_KEY_CFBundleDisplayName = "QIS Plus";
				INFOPLIST_KEY_UIApplicationSupportsIndirectInputEvents = YES;
				INFOPLIST_KEY_UILaunchStoryboardName = LaunchScreen;
				INFOPLIST_KEY_UIMainStoryboardFile = Main;
				INFOPLIST_KEY_UISupportedInterfaceOrientations = "UIInterfaceOrientationPortrait UIInterfaceOrientationLandscapeLeft UIInterfaceOrientationLandscapeRight";
				INFOPLIST_KEY_UISupportedInterfaceOrientations_iPad = "UIInterfaceOrientationPortrait UIInterfaceOrientationPortraitUpsideDown UIInterfaceOrientationLandscapeLeft UIInterfaceOrientationLandscapeRight";
				IPHONEOS_DEPLOYMENT_TARGET = 15.0;
				LD_RUNPATH_SEARCH_PATHS = (
					"$(inherited)",
					"@executable_path/Frameworks",
				);
				MARKETING_VERSION = 1.0;
				OTHER_LDFLAGS = (
					"-framework",
					SafariServices,
					"-framework",
					WebKit,
				);
				PRODUCT_BUNDLE_IDENTIFIER = "app.maxsauerwein.extensions.qis-plus";
				PRODUCT_NAME = "QIS Plus";
				SDKROOT = iphoneos;
				STRING_CATALOG_GENERATE_SYMBOLS = YES;
				SWIFT_APPROACHABLE_CONCURRENCY = YES;
				SWIFT_DEFAULT_ACTOR_ISOLATION = MainActor;
				SWIFT_EMIT_LOC_STRINGS = YES;
				SWIFT_UPCOMING_FEATURE_MEMBER_IMPORT_VISIBILITY = YES;
				SWIFT_VERSION = 5.0;
				TARGETED_DEVICE_FAMILY = "1,2";
				VALIDATE_PRODUCT = YES;
			};
			name = Release;
		};
		50C7EEB1301BD34000BA6EE0 /* Debug */ = {
			isa = XCBuildConfiguration;
			buildSettings = {
				CODE_SIGN_STYLE = Automatic;
				CURRENT_PROJECT_VERSION = 1;
				ENABLE_APP_SANDBOX = YES;
				ENABLE_HARDENED_RUNTIME = YES;
				ENABLE_USER_SELECTED_FILES = readonly;
				GENERATE_INFOPLIST_FILE = YES;
				INFOPLIST_FILE = "macOS (Extension)/Info.plist";
				INFOPLIST_KEY_CFBundleDisplayName = "QIS Plus Extension";
				INFOPLIST_KEY_NSHumanReadableCopyright = "";
				LD_RUNPATH_SEARCH_PATHS = (
					"$(inherited)",
					"@executable_path/../Frameworks",
					"@executable_path/../../../../Frameworks",
				);
				MACOSX_DEPLOYMENT_TARGET = 10.14;
				MARKETING_VERSION = 1.0;
				OTHER_LDFLAGS = (
					"-framework",
					SafariServices,
				);
				PRODUCT_BUNDLE_IDENTIFIER = "app.maxsauerwein.extensions.qis-plus.Extension";
				PRODUCT_NAME = "QIS Plus Extension";
				SDKROOT = macosx;
				SKIP_INSTALL = YES;
				STRING_CATALOG_GENERATE_SYMBOLS = YES;
				SWIFT_APPROACHABLE_CONCURRENCY = YES;
				SWIFT_EMIT_LOC_STRINGS = YES;
				SWIFT_UPCOMING_FEATURE_MEMBER_IMPORT_VISIBILITY = YES;
				SWIFT_VERSION = 5.0;
			};
			name = Debug;
		};
		50C7EEB2301BD34000BA6EE0 /* Release */ = {
			isa = XCBuildConfiguration;
			buildSettings = {
				CODE_SIGN_STYLE = Automatic;
				CURRENT_PROJECT_VERSION = 1;
				ENABLE_APP_SANDBOX = YES;
				ENABLE_HARDENED_RUNTIME = YES;
				ENABLE_USER_SELECTED_FILES = readonly;
				GENERATE_INFOPLIST_FILE = YES;
				INFOPLIST_FILE = "macOS (Extension)/Info.plist";
				INFOPLIST_KEY_CFBundleDisplayName = "QIS Plus Extension";
				INFOPLIST_KEY_NSHumanReadableCopyright = "";
				LD_RUNPATH_SEARCH_PATHS = (
					"$(inherited)",
					"@executable_path/../Frameworks",
					"@executable_path/../../../../Frameworks",
				);
				MACOSX_DEPLOYMENT_TARGET = 10.14;
				MARKETING_VERSION = 1.0;
				OTHER_LDFLAGS = (
					"-framework",
					SafariServices,
				);
				PRODUCT_BUNDLE_IDENTIFIER = "app.maxsauerwein.extensions.qis-plus.Extension";
				PRODUCT_NAME = "QIS Plus Extension";
				SDKROOT = macosx;
				SKIP_INSTALL = YES;
				STRING_CATALOG_GENERATE_SYMBOLS = YES;
				SWIFT_APPROACHABLE_CONCURRENCY = YES;
				SWIFT_EMIT_LOC_STRINGS = YES;
				SWIFT_UPCOMING_FEATURE_MEMBER_IMPORT_VISIBILITY = YES;
				SWIFT_VERSION = 5.0;
			};
			name = Release;
		};
		50C7EEB5301BD34000BA6EE0 /* Debug */ = {
			isa = XCBuildConfiguration;
			buildSettings = {
				ASSETCATALOG_COMPILER_APPICON_NAME = AppIcon;
				ASSETCATALOG_COMPILER_GLOBAL_ACCENT_COLOR_NAME = AccentColor;
				CODE_SIGN_STYLE = Automatic;
				CURRENT_PROJECT_VERSION = 1;
				ENABLE_APP_SANDBOX = YES;
				ENABLE_HARDENED_RUNTIME = YES;
				ENABLE_OUTGOING_NETWORK_CONNECTIONS = YES;
				ENABLE_USER_SELECTED_FILES = readonly;
				GENERATE_INFOPLIST_FILE = YES;
				INFOPLIST_FILE = "macOS (App)/Info.plist";
				INFOPLIST_KEY_CFBundleDisplayName = "QIS Plus";
				INFOPLIST_KEY_NSMainStoryboardFile = Main;
				INFOPLIST_KEY_NSPrincipalClass = NSApplication;
				LD_RUNPATH_SEARCH_PATHS = (
					"$(inherited)",
					"@executable_path/../Frameworks",
				);
				MACOSX_DEPLOYMENT_TARGET = 10.14;
				MARKETING_VERSION = 1.0;
				OTHER_LDFLAGS = (
					"-framework",
					SafariServices,
					"-framework",
					WebKit,
				);
				PRODUCT_BUNDLE_IDENTIFIER = "app.maxsauerwein.extensions.qis-plus";
				PRODUCT_NAME = "QIS Plus";
				REGISTER_APP_GROUPS = YES;
				SDKROOT = macosx;
				STRING_CATALOG_GENERATE_SYMBOLS = YES;
				SWIFT_APPROACHABLE_CONCURRENCY = YES;
				SWIFT_DEFAULT_ACTOR_ISOLATION = MainActor;
				SWIFT_EMIT_LOC_STRINGS = YES;
				SWIFT_UPCOMING_FEATURE_MEMBER_IMPORT_VISIBILITY = YES;
				SWIFT_VERSION = 5.0;
			};
			name = Debug;
		};
		50C7EEB6301BD34000BA6EE0 /* Release */ = {
			isa = XCBuildConfiguration;
			buildSettings = {
				ASSETCATALOG_COMPILER_APPICON_NAME = AppIcon;
				ASSETCATALOG_COMPILER_GLOBAL_ACCENT_COLOR_NAME = AccentColor;
				CODE_SIGN_STYLE = Automatic;
				CURRENT_PROJECT_VERSION = 1;
				ENABLE_APP_SANDBOX = YES;
				ENABLE_HARDENED_RUNTIME = YES;
				ENABLE_OUTGOING_NETWORK_CONNECTIONS = YES;
				ENABLE_USER_SELECTED_FILES = readonly;
				GENERATE_INFOPLIST_FILE = YES;
				INFOPLIST_FILE = "macOS (App)/Info.plist";
				INFOPLIST_KEY_CFBundleDisplayName = "QIS Plus";
				INFOPLIST_KEY_NSMainStoryboardFile = Main;
				INFOPLIST_KEY_NSPrincipalClass = NSApplication;
				LD_RUNPATH_SEARCH_PATHS = (
					"$(inherited)",
					"@executable_path/../Frameworks",
				);
				MACOSX_DEPLOYMENT_TARGET = 10.14;
				MARKETING_VERSION = 1.0;
				OTHER_LDFLAGS = (
					"-framework",
					SafariServices,
					"-framework",
					WebKit,
				);
				PRODUCT_BUNDLE_IDENTIFIER = "app.maxsauerwein.extensions.qis-plus";
				PRODUCT_NAME = "QIS Plus";
				REGISTER_APP_GROUPS = YES;
				SDKROOT = macosx;
				STRING_CATALOG_GENERATE_SYMBOLS = YES;
				SWIFT_APPROACHABLE_CONCURRENCY = YES;
				SWIFT_DEFAULT_ACTOR_ISOLATION = MainActor;
				SWIFT_EMIT_LOC_STRINGS = YES;
				SWIFT_UPCOMING_FEATURE_MEMBER_IMPORT_VISIBILITY = YES;
				SWIFT_VERSION = 5.0;
			};
			name = Release;
		};
/* End XCBuildConfiguration section */

/* Begin XCConfigurationList section */
		50C7EE5B301BD34000BA6EE0 /* Build configuration list for PBXProject "QIS Plus" */ = {
			isa = XCConfigurationList;
			buildConfigurations = (
				50C7EEA7301BD34000BA6EE0 /* Debug */,
				50C7EEA8301BD34000BA6EE0 /* Release */,
			);
			defaultConfigurationIsVisible = 0;
			defaultConfigurationName = Release;
		};
		50C7EEA9301BD34000BA6EE0 /* Build configuration list for PBXNativeTarget "QIS Plus Extension (iOS)" */ = {
			isa = XCConfigurationList;
			buildConfigurations = (
				50C7EEAA301BD34000BA6EE0 /* Debug */,
				50C7EEAB301BD34000BA6EE0 /* Release */,
			);
			defaultConfigurationIsVisible = 0;
			defaultConfigurationName = Release;
		};
		50C7EEAD301BD34000BA6EE0 /* Build configuration list for PBXNativeTarget "QIS Plus (iOS)" */ = {
			isa = XCConfigurationList;
			buildConfigurations = (
				50C7EEAE301BD34000BA6EE0 /* Debug */,
				50C7EEAF301BD34000BA6EE0 /* Release */,
			);
			defaultConfigurationIsVisible = 0;
			defaultConfigurationName = Release;
		};
		50C7EEB0301BD34000BA6EE0 /* Build configuration list for PBXNativeTarget "QIS Plus Extension (macOS)" */ = {
			isa = XCConfigurationList;
			buildConfigurations = (
				50C7EEB1301BD34000BA6EE0 /* Debug */,
				50C7EEB2301BD34000BA6EE0 /* Release */,
			);
			defaultConfigurationIsVisible = 0;
			defaultConfigurationName = Release;
		};
		50C7EEB4301BD34000BA6EE0 /* Build configuration list for PBXNativeTarget "QIS Plus (macOS)" */ = {
			isa = XCConfigurationList;
			buildConfigurations = (
				50C7EEB5301BD34000BA6EE0 /* Debug */,
				50C7EEB6301BD34000BA6EE0 /* Release */,
			);
			defaultConfigurationIsVisible = 0;
			defaultConfigurationName = Release;
		};
/* End XCConfigurationList section */
	};
	rootObject = 50C7EE58301BD34000BA6EE0 /* Project object */;
}
